
Microsoft Visual Studio Solution File, Format Version 12.00
# Visual Studio Version 16
VisualStudioVersion = 16.0.31410.223
MinimumVisualStudioVersion = 10.0.40219.1
Project("{9A19103F-16F7-4668-BE54-9A1E7A4F7556}") = "FindDuplicateFiles", "src\FindDuplicateFiles.csproj", "{22729FF4-61AB-418C-BBD3-FD005204270B}"
EndProject
Global
	GlobalSection(SolutionConfigurationPlatforms) = preSolution
		Debug|Any CPU = Debug|Any CPU
		Release|Any CPU = Release|Any CPU
	EndGlobalSection
	GlobalSection(ProjectConfigurationPlatforms) = postSolution
		{22729FF4-61AB-418C-BBD3-FD005204270B}.Debug|Any CPU.ActiveCfg = Debug|Any CPU
		{22729FF4-61AB-418C-BBD3-FD005204270B}.Debug|Any CPU.Build.0 = Debug|Any CPU
		{22729FF4-61AB-418C-BBD3-FD005204270B}.Release|Any CPU.ActiveCfg = Release|Any CPU
		{22729FF4-61AB-418C-BBD3-FD005204270B}.Release|Any CPU.Build.0 = Release|Any CPU
	EndGlobalSection
	GlobalSection(SolutionProperties) = preSolution
		HideSolutionNode = FALSE
	EndGlobalSection
	GlobalSection(ExtensibilityGlobals) = postSolution
		SolutionGuid = {8B3B1DD1-C688-46AB-8C27-867B5845453D}
	EndGlobalSection
EndGlobal
